
Microsoft Visual Studio Solution File, Format Version 12.00
# Visual Studio 2012
Project("{FAE04EC0-301F-11D3-BF4B-00C04F79EFBC}") = "WinQuery", "WinQuery\WinQuery.csproj", "{8DD9FD7A-B208-4E6F-A1DD-E1FAA297F05D}"
EndProject
Project("{FAE04EC0-301F-11D3-BF4B-00C04F79EFBC}") = "WinQuery.Test", "WinQuery.Test\WinQuery.Test.csproj", "{8B3DA382-173B-4A54-8B22-5EB3BFAC6C04}"
EndProject
Global
	GlobalSection(SolutionConfigurationPlatforms) = preSolution
		Debug|Any CPU = Debug|Any CPU
		Release|Any CPU = Release|Any CPU
	EndGlobalSection
	GlobalSection(ProjectConfigurationPlatforms) = postSolution
		{8DD9FD7A-B208-4E6F-A1DD-E1FAA297F05D}.Debug|Any CPU.ActiveCfg = Debug|Any CPU
		{8DD9FD7A-B208-4E6F-A1DD-E1FAA297F05D}.Debug|Any CPU.Build.0 = Debug|Any CPU
		{8DD9FD7A-B208-4E6F-A1DD-E1FAA297F05D}.Release|Any CPU.ActiveCfg = Release|Any CPU
		{8DD9FD7A-B208-4E6F-A1DD-E1FAA297F05D}.Release|Any CPU.Build.0 = Release|Any CPU
		{8B3DA382-173B-4A54-8B22-5EB3BFAC6C04}.Debug|Any CPU.ActiveCfg = Debug|Any CPU
		{8B3DA382-173B-4A54-8B22-5EB3BFAC6C04}.Debug|Any CPU.Build.0 = Debug|Any CPU
		{8B3DA382-173B-4A54-8B22-5EB3BFAC6C04}.Release|Any CPU.ActiveCfg = Release|Any CPU
		{8B3DA382-173B-4A54-8B22-5EB3BFAC6C04}.Release|Any CPU.Build.0 = Release|Any CPU
	EndGlobalSection
	GlobalSection(SolutionProperties) = preSolution
		HideSolutionNode = FALSE
	EndGlobalSection
EndGlobal
